Microsoft Visual Studio Solution File, Format Version 12.00
# Visual Studio Version 17
VisualStudioVersion = 17.0.32112.339
MinimumVisualStudioVersion = 10.0.40219.1
Project("{9A19103F-16F7-4668-BE54-9A1E7A4F7556}") = "Alan-Joy_PizzaDeliveryForm", "Alan-Joy_Ex-01\Alan-Joy_PizzaDeliveryForm.csproj", "{C029E636-F351-42EF-A89D-793C85A0EC18}"
EndProject
Project("{2150E333-8FDC-42A3-9474-1A3956D46DE8}") = "Solution Items", "Solution Items", "{426F3DB6-423A-4CC1-A71C-7FD0F920C3E4}"
	ProjectSection(SolutionItems) = preProject
		.editorconfig = .editorconfig
	EndProjectSection
EndProject
Global
	GlobalSection(SolutionConfigurationPlatforms) = preSolution
		Debug|Any CPU = Debug|Any CPU
		Release|Any CPU = Release|Any CPU
	EndGlobalSection
	GlobalSection(ProjectConfigurationPlatforms) = postSolution
		{C029E636-F351-42EF-A89D-793C85A0EC18}.Debug|Any CPU.ActiveCfg = Debug|Any CPU
		{C029E636-F351-42EF-A89D-793C85A0EC18}.Debug|Any CPU.Build.0 = Debug|Any CPU
		{C029E636-F351-42EF-A89D-793C85A0EC18}.Release|Any CPU.ActiveCfg = Release|Any CPU
		{C029E636-F351-42EF-A89D-793C85A0EC18}.Release|Any CPU.Build.0 = Release|Any CPU
	EndGlobalSection
	GlobalSection(SolutionProperties) = preSolution
		HideSolutionNode = FALSE
	EndGlobalSection
	GlobalSection(ExtensibilityGlobals) = postSolution
		SolutionGuid = {9A2D9345-2823-470D-8886-B6AD76BEC7F1}
	EndGlobalSection
EndGlobal
